// !$*UTF8*$!
{
	archiveVersion = 1;
	classes = {
	};
	objectVersion = 46;
	objects = {

/* Begin PBXBuildFile section */
		267BBC6323D9CC11000EF9AB /* TickerEmptyList.swift in Sources */ = {isa = PBXBuildFile; fileRef = 267BBC6223D9CC11000EF9AB /* TickerEmptyList.swift */; };
		267BBC6523D9CF66000EF9AB /* Main.swift in Sources */ = {isa = PBXBuildFile; fileRef = 267BBC6423D9CF66000EF9AB /* Main.swift */; };
		267BBC6723D9D5EF000EF9AB /* MainContent.swift in Sources */ = {isa = PBXBuildFile; fileRef = 267BBC6623D9D5EF000EF9AB /* MainContent.swift */; };
		267BBC6B23D9D6B8000EF9AB /* AdderButtonView.swift in Sources */ = {isa = PBXBuildFile; fileRef = 267BBC6A23D9D6B8000EF9AB /* AdderButtonView.swift */; };
		8C0688AD23A4DE75003C45A3 /* AllAvailableTickerIdentifiersFetcher.swift in Sources */ = {isa = PBXBuildFile; fileRef = 8C0688AC23A4DE75003C45A3 /* AllAvailableTickerIdentifiersFetcher.swift */; };
		8C0688AF23A4F385003C45A3 /* TickerValuesFetcher.swift in Sources */ = {isa = PBXBuildFile; fileRef = 8C0688AE23A4F385003C45A3 /* TickerValuesFetcher.swift */; };
		8C0688B123A53D31003C45A3 /* TickerValuesAPIResponse.swift in Sources */ = {isa = PBXBuildFile; fileRef = 8C0688B023A53D31003C45A3 /* TickerValuesAPIResponse.swift */; };
		8C0688B323A53D4F003C45A3 /* AvailableTickersAPIResponse.swift in Sources */ = {isa = PBXBuildFile; fileRef = 8C0688B223A53D4F003C45A3 /* AvailableTickersAPIResponse.swift */; };
		8C0688B523A53F60003C45A3 /* Storage.swift in Sources */ = {isa = PBXBuildFile; fileRef = 8C0688B423A53F60003C45A3 /* Storage.swift */; };
		8C0688B723A54930003C45A3 /* TickerStatisticsAPIResponse.swift in Sources */ = {isa = PBXBuildFile; fileRef = 8C0688B623A54930003C45A3 /* TickerStatisticsAPIResponse.swift */; };
		8C0688B923A549BC003C45A3 /* TickerStatisticsFetcher.swift in Sources */ = {isa = PBXBuildFile; fileRef = 8C0688B823A549BC003C45A3 /* TickerStatisticsFetcher.swift */; };
		8C0688BB23A56994003C45A3 /* String+Extensions.swift in Sources */ = {isa = PBXBuildFile; fileRef = 8C0688BA23A56994003C45A3 /* String+Extensions.swift */; };
		8C0688BD23A57A78003C45A3 /* TickerDetailViewModel.swift in Sources */ = {isa = PBXBuildFile; fileRef = 8C0688BC23A57A78003C45A3 /* TickerDetailViewModel.swift */; };
		8C0688C023A58146003C45A3 /* BasicRow.swift in Sources */ = {isa = PBXBuildFile; fileRef = 8C0688BF23A58146003C45A3 /* BasicRow.swift */; };
		8C1F1D6023A62C5D00D25D99 /* PrettyValueFormatter.swift in Sources */ = {isa = PBXBuildFile; fileRef = 8C1F1D5F23A62C5D00D25D99 /* PrettyValueFormatter.swift */; };
		8C1F1D6323A62F4A00D25D99 /* PrettyValueFormatterTests.swift in Sources */ = {isa = PBXBuildFile; fileRef = 8C1F1D6223A62F4A00D25D99 /* PrettyValueFormatterTests.swift */; };
		8C1F1D6823A652FF00D25D99 /* Color+ApplicationColors.swift in Sources */ = {isa = PBXBuildFile; fileRef = 8C1F1D6723A652FF00D25D99 /* Color+ApplicationColors.swift */; };
		8C1F1D6A23A658A100D25D99 /* AdaptsToSoftwareKeyboard.swift in Sources */ = {isa = PBXBuildFile; fileRef = 8C1F1D6923A658A100D25D99 /* AdaptsToSoftwareKeyboard.swift */; };
		8C1F1D6D23A65A4000D25D99 /* AnalyticsService.swift in Sources */ = {isa = PBXBuildFile; fileRef = 8C1F1D6C23A65A4000D25D99 /* AnalyticsService.swift */; };
		8C3EA62E23A6888000A501CD /* MimimumTouchTargetSize.swift in Sources */ = {isa = PBXBuildFile; fileRef = 8C3EA62D23A6888000A501CD /* MimimumTouchTargetSize.swift */; };
		8C6FB62F23A2CCCA00724C86 /* TickerList.swift in Sources */ = {isa = PBXBuildFile; fileRef = 8C6FB62E23A2CCCA00724C86 /* TickerList.swift */; };
		8C6FB63123A2CD3B00724C86 /* SceneDelegate.swift in Sources */ = {isa = PBXBuildFile; fileRef = 8C6FB63023A2CD3B00724C86 /* SceneDelegate.swift */; };
		8C7F0D4E21CA242C002C6553 /* GoogleService-Info.plist in Resources */ = {isa = PBXBuildFile; fileRef = 8C7F0D4D21CA242C002C6553 /* GoogleService-Info.plist */; };
		8C9146CB1F0915D300221180 /* TickersViewControllerUITests.swift in Sources */ = {isa = PBXBuildFile; fileRef = 8C9146CA1F0915D300221180 /* TickersViewControllerUITests.swift */; };
		8CBD947A1F0D7D1400CA4250 /* Localizable.strings in Resources */ = {isa = PBXBuildFile; fileRef = 8CBD947C1F0D7D1400CA4250 /* Localizable.strings */; };
		8CC184FC1EFE4CAC0083DA30 /* AppDelegate.swift in Sources */ = {isa = PBXBuildFile; fileRef = 8CC184FB1EFE4CAC0083DA30 /* AppDelegate.swift */; };
		8CC185031EFE4CAC0083DA30 /* Assets.xcassets in Resources */ = {isa = PBXBuildFile; fileRef = 8CC185021EFE4CAC0083DA30 /* Assets.xcassets */; };
		8CC185061EFE4CAC0083DA30 /* LaunchScreen.storyboard in Resources */ = {isa = PBXBuildFile; fileRef = 8CC185041EFE4CAC0083DA30 /* LaunchScreen.storyboard */; };
		8CCA6F2623A369220048B1B8 /* TickerAdder.swift in Sources */ = {isa = PBXBuildFile; fileRef = 8CCA6F2523A369220048B1B8 /* TickerAdder.swift */; };
		8CCA6F2823A369340048B1B8 /* TickerDetail.swift in Sources */ = {isa = PBXBuildFile; fileRef = 8CCA6F2723A369340048B1B8 /* TickerDetail.swift */; };
		8CCA6F2E23A38EB60048B1B8 /* UserData.swift in Sources */ = {isa = PBXBuildFile; fileRef = 8CCA6F2D23A38EB60048B1B8 /* UserData.swift */; };
		8CCA6F3023A3A4FF0048B1B8 /* AdderRow.swift in Sources */ = {isa = PBXBuildFile; fileRef = 8CCA6F2F23A3A4FF0048B1B8 /* AdderRow.swift */; };
		8CCA6F3223A3A8900048B1B8 /* TickerIdentifier.swift in Sources */ = {isa = PBXBuildFile; fileRef = 8CCA6F3123A3A8900048B1B8 /* TickerIdentifier.swift */; };
		8CCA6F3523A3A9AC0048B1B8 /* TickerIdentifierTests.swift in Sources */ = {isa = PBXBuildFile; fileRef = 8CCA6F3423A3A9AC0048B1B8 /* TickerIdentifierTests.swift */; };
		8CD1D20D23A3E8240045E60A /* TickerTests.swift in Sources */ = {isa = PBXBuildFile; fileRef = 8CD1D20C23A3E8240045E60A /* TickerTests.swift */; };
		8CDBC62323A7F4EA00084B7F /* GoogleDataTransport.framework in Frameworks */ = {isa = PBXBuildFile; fileRef = 8CDBC61923A7F4EA00084B7F /* GoogleDataTransport.framework */; };
		8CDBC62423A7F4EA00084B7F /* GoogleDataTransportCCTSupport.framework in Frameworks */ = {isa = PBXBuildFile; fileRef = 8CDBC61A23A7F4EA00084B7F /* GoogleDataTransportCCTSupport.framework */; };
		8CDBC62523A7F4EA00084B7F /* GoogleAppMeasurement.framework in Frameworks */ = {isa = PBXBuildFile; fileRef = 8CDBC61B23A7F4EA00084B7F /* GoogleAppMeasurement.framework */; };
		8CDBC62623A7F4EA00084B7F /* FirebaseCore.framework in Frameworks */ = {isa = PBXBuildFile; fileRef = 8CDBC61C23A7F4EA00084B7F /* FirebaseCore.framework */; };
		8CDBC62723A7F4EA00084B7F /* FirebaseAnalytics.framework in Frameworks */ = {isa = PBXBuildFile; fileRef = 8CDBC61D23A7F4EA00084B7F /* FirebaseAnalytics.framework */; };
		8CDBC62823A7F4EA00084B7F /* GoogleUtilities.framework in Frameworks */ = {isa = PBXBuildFile; fileRef = 8CDBC61E23A7F4EA00084B7F /* GoogleUtilities.framework */; };
		8CDBC62923A7F4EA00084B7F /* nanopb.framework in Frameworks */ = {isa = PBXBuildFile; fileRef = 8CDBC61F23A7F4EA00084B7F /* nanopb.framework */; };
		8CDBC62A23A7F4EA00084B7F /* FIRAnalyticsConnector.framework in Frameworks */ = {isa = PBXBuildFile; fileRef = 8CDBC62023A7F4EA00084B7F /* FIRAnalyticsConnector.framework */; };
		8CDBC62B23A7F4EA00084B7F /* FirebaseInstanceID.framework in Frameworks */ = {isa = PBXBuildFile; fileRef = 8CDBC62123A7F4EA00084B7F /* FirebaseInstanceID.framework */; };
		8CDBC62C23A7F4EA00084B7F /* FirebaseCoreDiagnostics.framework in Frameworks */ = {isa = PBXBuildFile; fileRef = 8CDBC62223A7F4EA00084B7F /* FirebaseCoreDiagnostics.framework */; };
		8CDBC63123A7F84B00084B7F /* libsqlite3.tbd in Frameworks */ = {isa = PBXBuildFile; fileRef = 8CDBC63023A7F84600084B7F /* libsqlite3.tbd */; };
		8CDBC63323A7F9A800084B7F /* AnalyticsParametersFactory.swift in Sources */ = {isa = PBXBuildFile; fileRef = 8CDBC63223A7F9A800084B7F /* AnalyticsParametersFactory.swift */; };
		8CDFD47D1F084106009F1E19 /* TickerDetailsViewControllerUITests.swift in Sources */ = {isa = PBXBuildFile; fileRef = 8CDFD47C1F084106009F1E19 /* TickerDetailsViewControllerUITests.swift */; };
		8CEB402523A94D75000928CE /* ReviewPopUpController.swift in Sources */ = {isa = PBXBuildFile; fileRef = 8CEB402423A94D75000928CE /* ReviewPopUpController.swift */; };
		8CEB402723A95DC0000928CE /* UserDefaultsManager.swift in Sources */ = {isa = PBXBuildFile; fileRef = 8CEB402623A95DC0000928CE /* UserDefaultsManager.swift */; };
		8CEB402923A962C5000928CE /* ErrorBanner.swift in Sources */ = {isa = PBXBuildFile; fileRef = 8CEB402823A962C5000928CE /* ErrorBanner.swift */; };
		8CED93092083C4EA00A068BD /* SnapshotHelper.swift in Sources */ = {isa = PBXBuildFile; fileRef = 8CED93082083C4EA00A068BD /* SnapshotHelper.swift */; };
		8CEE9B5723A2DBB700D5B24B /* Ticker.swift in Sources */ = {isa = PBXBuildFile; fileRef = 8CEE9B5623A2DBB700D5B24B /* Ticker.swift */; };
/* End PBXBuildFile section */

/* Begin PBXContainerItemProxy section */
		8CC1850D1EFE4CAC0083DA30 /* PBXContainerItemProxy */ = {
			isa = PBXContainerItemProxy;
			containerPortal = 8CC184F01EFE4CAC0083DA30 /* Project object */;
			proxyType = 1;
			remoteGlobalIDString = 8CC184F71EFE4CAC0083DA30;
			remoteInfo = "BitBay-Ticker";
		};
		8CDFD47F1F084106009F1E19 /* PBXContainerItemProxy */ = {
			isa = PBXContainerItemProxy;
			containerPortal = 8CC184F01EFE4CAC0083DA30 /* Project object */;
			proxyType = 1;
			remoteGlobalIDString = 8CC184F71EFE4CAC0083DA30;
			remoteInfo = "BitBay-Ticker";
		};
/* End PBXContainerItemProxy section */

/* Begin PBXCopyFilesBuildPhase section */
		8CFB35201F1808F900475DC1 /* Embed App Extensions */ = {
			isa = PBXCopyFilesBuildPhase;
			buildActionMask = 2147483647;
			dstPath = "";
			dstSubfolderSpec = 13;
			files = (
			);
			name = "Embed App Extensions";
			runOnlyForDeploymentPostprocessing = 0;
		};
/* End PBXCopyFilesBuildPhase section */

/* Begin PBXFileReference section */
		0B815FDCDD2549AC1B530F3B /* AssetsLibrary.framework */ = {isa = PBXFileReference; lastKnownFileType = wrapper.framework; name = AssetsLibrary.framework; path = System/Library/Frameworks/AssetsLibrary.framework; sourceTree = SDKROOT; };
		0BBC3E3BB96755C9DFA32131 /* CoreVideo.framework */ = {isa = PBXFileReference; lastKnownFileType = wrapper.framework; name = CoreVideo.framework; path = System/Library/Frameworks/CoreVideo.framework; sourceTree = SDKROOT; };
		0C6FBCC098A756FF3056C13A /* QuartzCore.framework */ = {isa = PBXFileReference; lastKnownFileType = wrapper.framework; name = QuartzCore.framework; path = System/Library/Frameworks/QuartzCore.framework; sourceTree = SDKROOT; };
		267BBC6223D9CC11000EF9AB /* TickerEmptyList.swift */ = {isa = PBXFileReference; lastKnownFileType = sourcecode.swift; path = TickerEmptyList.swift; sourceTree = "<group>"; };
		267BBC6423D9CF66000EF9AB /* Main.swift */ = {isa = PBXFileReference; lastKnownFileType = sourcecode.swift; path = Main.swift; sourceTree = "<group>"; };
		267BBC6623D9D5EF000EF9AB /* MainContent.swift */ = {isa = PBXFileReference; lastKnownFileType = sourcecode.swift; path = MainContent.swift; sourceTree = "<group>"; };
		267BBC6A23D9D6B8000EF9AB /* AdderButtonView.swift */ = {isa = PBXFileReference; lastKnownFileType = sourcecode.swift; path = AdderButtonView.swift; sourceTree = "<group>"; };
		33A699178FC3E6814FE15A91 /* CoreMedia.framework */ = {isa = PBXFileReference; lastKnownFileType = wrapper.framework; name = CoreMedia.framework; path = System/Library/Frameworks/CoreMedia.framework; sourceTree = SDKROOT; };
		7E6DBCB5CEC98873275BFD9D /* SystemConfiguration.framework */ = {isa = PBXFileReference; lastKnownFileType = wrapper.framework; name = SystemConfiguration.framework; path = System/Library/Frameworks/SystemConfiguration.framework; sourceTree = SDKROOT; };
		8C0688AC23A4DE75003C45A3 /* AllAvailableTickerIdentifiersFetcher.swift */ = {isa = PBXFileReference; lastKnownFileType = sourcecode.swift; path = AllAvailableTickerIdentifiersFetcher.swift; sourceTree = "<group>"; };
		8C0688AE23A4F385003C45A3 /* TickerValuesFetcher.swift */ = {isa = PBXFileReference; lastKnownFileType = sourcecode.swift; path = TickerValuesFetcher.swift; sourceTree = "<group>"; };
		8C0688B023A53D31003C45A3 /* TickerValuesAPIResponse.swift */ = {isa = PBXFileReference; lastKnownFileType = sourcecode.swift; path = TickerValuesAPIResponse.swift; sourceTree = "<group>"; };
		8C0688B223A53D4F003C45A3 /* AvailableTickersAPIResponse.swift */ = {isa = PBXFileReference; lastKnownFileType = sourcecode.swift; path = AvailableTickersAPIResponse.swift; sourceTree = "<group>"; };
		8C0688B423A53F60003C45A3 /* Storage.swift */ = {isa = PBXFileReference; lastKnownFileType = sourcecode.swift; path = Storage.swift; sourceTree = "<group>"; };
		8C0688B623A54930003C45A3 /* TickerStatisticsAPIResponse.swift */ = {isa = PBXFileReference; lastKnownFileType = sourcecode.swift; path = TickerStatisticsAPIResponse.swift; sourceTree = "<group>"; };
		8C0688B823A549BC003C45A3 /* TickerStatisticsFetcher.swift */ = {isa = PBXFileReference; lastKnownFileType = sourcecode.swift; path = TickerStatisticsFetcher.swift; sourceTree = "<group>"; };
		8C0688BA23A56994003C45A3 /* String+Extensions.swift */ = {isa = PBXFileReference; lastKnownFileType = sourcecode.swift; path = "String+Extensions.swift"; sourceTree = "<group>"; };
		8C0688BC23A57A78003C45A3 /* TickerDetailViewModel.swift */ = {isa = PBXFileReference; lastKnownFileType = sourcecode.swift; path = TickerDetailViewModel.swift; sourceTree = "<group>"; };
		8C0688BF23A58146003C45A3 /* BasicRow.swift */ = {isa = PBXFileReference; lastKnownFileType = sourcecode.swift; path = BasicRow.swift; sourceTree = "<group>"; };
		8C0B9BF61F09066A002F0B5D /* RxTest.framework */ = {isa = PBXFileReference; lastKnownFileType = wrapper.framework; name = RxTest.framework; path = Carthage/Build/iOS/RxTest.framework; sourceTree = "<group>"; };
		8C0B9BFA1F090843002F0B5D /* RxBlocking.framework */ = {isa = PBXFileReference; lastKnownFileType = wrapper.framework; name = RxBlocking.framework; path = Carthage/Build/iOS/RxBlocking.framework; sourceTree = "<group>"; };
		8C1CF6EA1F04275E00E6F0D4 /* RxCocoa.framework */ = {isa = PBXFileReference; lastKnownFileType = wrapper.framework; name = RxCocoa.framework; path = Carthage/Build/iOS/RxCocoa.framework; sourceTree = "<group>"; };
		8C1F1D5F23A62C5D00D25D99 /* PrettyValueFormatter.swift */ = {isa = PBXFileReference; lastKnownFileType = sourcecode.swift; path = PrettyValueFormatter.swift; sourceTree = "<group>"; };
		8C1F1D6223A62F4A00D25D99 /* PrettyValueFormatterTests.swift */ = {isa = PBXFileReference; lastKnownFileType = sourcecode.swift; path = PrettyValueFormatterTests.swift; sourceTree = "<group>"; };
		8C1F1D6723A652FF00D25D99 /* Color+ApplicationColors.swift */ = {isa = PBXFileReference; lastKnownFileType = sourcecode.swift; path = "Color+ApplicationColors.swift"; sourceTree = "<group>"; };
		8C1F1D6923A658A100D25D99 /* AdaptsToSoftwareKeyboard.swift */ = {isa = PBXFileReference; lastKnownFileType = sourcecode.swift; path = AdaptsToSoftwareKeyboard.swift; sourceTree = "<group>"; };
		8C1F1D6C23A65A4000D25D99 /* AnalyticsService.swift */ = {isa = PBXFileReference; lastKnownFileType = sourcecode.swift; path = AnalyticsService.swift; sourceTree = "<group>"; };
		8C2F173E1F02A56E006FD66F /* RxSwift.framework */ = {isa = PBXFileReference; lastKnownFileType = wrapper.framework; name = RxSwift.framework; path = Carthage/Build/iOS/RxSwift.framework; sourceTree = "<group>"; };
		8C3EA62D23A6888000A501CD /* MimimumTouchTargetSize.swift */ = {isa = PBXFileReference; lastKnownFileType = sourcecode.swift; path = MimimumTouchTargetSize.swift; sourceTree = "<group>"; };
		8C6FB62923A2CBD400724C86 /* GoogleDataTransport.framework */ = {isa = PBXFileReference; lastKnownFileType = wrapper.framework; name = GoogleDataTransport.framework; path = Carthage/Build/iOS/GoogleDataTransport.framework; sourceTree = "<group>"; };
		8C6FB62E23A2CCCA00724C86 /* TickerList.swift */ = {isa = PBXFileReference; lastKnownFileType = sourcecode.swift; path = TickerList.swift; sourceTree = "<group>"; };
		8C6FB63023A2CD3B00724C86 /* SceneDelegate.swift */ = {isa = PBXFileReference; lastKnownFileType = sourcecode.swift; path = SceneDelegate.swift; sourceTree = "<group>"; };
		8C7F0D3221CA23EE002C6553 /* GoogleAppMeasurement.framework */ = {isa = PBXFileReference; lastKnownFileType = wrapper.framework; name = GoogleAppMeasurement.framework; path = Carthage/Build/iOS/GoogleAppMeasurement.framework; sourceTree = "<group>"; };
		8C7F0D3321CA23EE002C6553 /* FirebaseInstanceID.framework */ = {isa = PBXFileReference; lastKnownFileType = wrapper.framework; name = FirebaseInstanceID.framework; path = Carthage/Build/iOS/FirebaseInstanceID.framework; sourceTree = "<group>"; };
		8C7F0D3421CA23EE002C6553 /* GoogleUtilities.framework */ = {isa = PBXFileReference; lastKnownFileType = wrapper.framework; name = GoogleUtilities.framework; path = Carthage/Build/iOS/GoogleUtilities.framework; sourceTree = "<group>"; };
		8C7F0D3521CA23EE002C6553 /* nanopb.framework */ = {isa = PBXFileReference; lastKnownFileType = wrapper.framework; name = nanopb.framework; path = Carthage/Build/iOS/nanopb.framework; sourceTree = "<group>"; };
		8C7F0D3621CA23EE002C6553 /* Firebase.framework */ = {isa = PBXFileReference; lastKnownFileType = wrapper.framework; name = Firebase.framework; path = Carthage/Build/iOS/Firebase.framework; sourceTree = "<group>"; };
		8C7F0D3721CA23EE002C6553 /* FirebaseCoreDiagnostics.framework */ = {isa = PBXFileReference; lastKnownFileType = wrapper.framework; name = FirebaseCoreDiagnostics.framework; path = Carthage/Build/iOS/FirebaseCoreDiagnostics.framework; sourceTree = "<group>"; };
		8C7F0D3821CA23EE002C6553 /* FIRAnalyticsConnector.framework */ = {isa = PBXFileReference; lastKnownFileType = wrapper.framework; name = FIRAnalyticsConnector.framework; path = Carthage/Build/iOS/FIRAnalyticsConnector.framework; sourceTree = "<group>"; };
		8C7F0D3921CA23EE002C6553 /* FirebaseAnalytics.framework */ = {isa = PBXFileReference; lastKnownFileType = wrapper.framework; name = FirebaseAnalytics.framework; path = Carthage/Build/iOS/FirebaseAnalytics.framework; sourceTree = "<group>"; };
		8C7F0D3A21CA23EE002C6553 /* FirebaseCore.framework */ = {isa = PBXFileReference; lastKnownFileType = wrapper.framework; name = FirebaseCore.framework; path = Carthage/Build/iOS/FirebaseCore.framework; sourceTree = "<group>"; };
		8C7F0D4D21CA242C002C6553 /* GoogleService-Info.plist */ = {isa = PBXFileReference; fileEncoding = 4; lastKnownFileType = text.plist.xml; path = "GoogleService-Info.plist"; sourceTree = "<group>"; };
		8C9146CA1F0915D300221180 /* TickersViewControllerUITests.swift */ = {isa = PBXFileReference; fileEncoding = 4; lastKnownFileType = sourcecode.swift; path = TickersViewControllerUITests.swift; sourceTree = "<group>"; };
		8CBD947B1F0D7D1400CA4250 /* en */ = {isa = PBXFileReference; lastKnownFileType = text.plist.strings; name = en; path = en.lproj/Localizable.strings; sourceTree = "<group>"; };
		8CBD947D1F0D7D2500CA4250 /* pl */ = {isa = PBXFileReference; lastKnownFileType = text.plist.strings; name = pl; path = pl.lproj/Localizable.strings; sourceTree = "<group>"; };
		8CC184F81EFE4CAC0083DA30 /* BitBay-Ticker.app */ = {isa = PBXFileReference; explicitFileType = wrapper.application; includeInIndex = 0; path = "BitBay-Ticker.app"; sourceTree = BUILT_PRODUCTS_DIR; };
		8CC184FB1EFE4CAC0083DA30 /* AppDelegate.swift */ = {isa = PBXFileReference; lastKnownFileType = sourcecode.swift; path = AppDelegate.swift; sourceTree = "<group>"; };
		8CC185021EFE4CAC0083DA30 /* Assets.xcassets */ = {isa = PBXFileReference; lastKnownFileType = folder.assetcatalog; path = Assets.xcassets; sourceTree = "<group>"; };
		8CC185051EFE4CAC0083DA30 /* Base */ = {isa = PBXFileReference; lastKnownFileType = file.storyboard; name = Base; path = Base.lproj/LaunchScreen.storyboard; sourceTree = "<group>"; };
		8CC1850C1EFE4CAC0083DA30 /* BitBay-TickerTests.xctest */ = {isa = PBXFileReference; explicitFileType = wrapper.cfbundle; includeInIndex = 0; path = "BitBay-TickerTests.xctest"; sourceTree = BUILT_PRODUCTS_DIR; };
		8CC185121EFE4CAC0083DA30 /* Info.plist */ = {isa = PBXFileReference; lastKnownFileType = text.plist.xml; path = Info.plist; sourceTree = "<group>"; };
		8CC508D51FD2D59000F14AB2 /* Differentiator.framework */ = {isa = PBXFileReference; lastKnownFileType = wrapper.framework; name = Differentiator.framework; path = Carthage/Build/iOS/Differentiator.framework; sourceTree = "<group>"; };
		8CCA6F2523A369220048B1B8 /* TickerAdder.swift */ = {isa = PBXFileReference; lastKnownFileType = sourcecode.swift; path = TickerAdder.swift; sourceTree = "<group>"; };
		8CCA6F2723A369340048B1B8 /* TickerDetail.swift */ = {isa = PBXFileReference; lastKnownFileType = sourcecode.swift; path = TickerDetail.swift; sourceTree = "<group>"; };
		8CCA6F2D23A38EB60048B1B8 /* UserData.swift */ = {isa = PBXFileReference; lastKnownFileType = sourcecode.swift; path = UserData.swift; sourceTree = "<group>"; };
		8CCA6F2F23A3A4FF0048B1B8 /* AdderRow.swift */ = {isa = PBXFileReference; lastKnownFileType = sourcecode.swift; path = AdderRow.swift; sourceTree = "<group>"; };
		8CCA6F3123A3A8900048B1B8 /* TickerIdentifier.swift */ = {isa = PBXFileReference; lastKnownFileType = sourcecode.swift; path = TickerIdentifier.swift; sourceTree = "<group>"; };
		8CCA6F3423A3A9AC0048B1B8 /* TickerIdentifierTests.swift */ = {isa = PBXFileReference; lastKnownFileType = sourcecode.swift; path = TickerIdentifierTests.swift; sourceTree = "<group>"; };
		8CD1D20C23A3E8240045E60A /* TickerTests.swift */ = {isa = PBXFileReference; lastKnownFileType = sourcecode.swift; path = TickerTests.swift; sourceTree = "<group>"; };
		8CD60C561F5BD34200ABDB23 /* hi */ = {isa = PBXFileReference; lastKnownFileType = text.plist.strings; name = hi; path = hi.lproj/Localizable.strings; sourceTree = "<group>"; };
		8CDBC61923A7F4EA00084B7F /* GoogleDataTransport.framework */ = {isa = PBXFileReference; lastKnownFileType = wrapper.framework; path = GoogleDataTransport.framework; sourceTree = "<group>"; };
		8CDBC61A23A7F4EA00084B7F /* GoogleDataTransportCCTSupport.framework */ = {isa = PBXFileReference; lastKnownFileType = wrapper.framework; path = GoogleDataTransportCCTSupport.framework; sourceTree = "<group>"; };
		8CDBC61B23A7F4EA00084B7F /* GoogleAppMeasurement.framework */ = {isa = PBXFileReference; lastKnownFileType = wrapper.framework; path = GoogleAppMeasurement.framework; sourceTree = "<group>"; };
		8CDBC61C23A7F4EA00084B7F /* FirebaseCore.framework */ = {isa = PBXFileReference; lastKnownFileType = wrapper.framework; path = FirebaseCore.framework; sourceTree = "<group>"; };
		8CDBC61D23A7F4EA00084B7F /* FirebaseAnalytics.framework */ = {isa = PBXFileReference; lastKnownFileType = wrapper.framework; path = FirebaseAnalytics.framework; sourceTree = "<group>"; };
		8CDBC61E23A7F4EA00084B7F /* GoogleUtilities.framework */ = {isa = PBXFileReference; lastKnownFileType = wrapper.framework; path = GoogleUtilities.framework; sourceTree = "<group>"; };
		8CDBC61F23A7F4EA00084B7F /* nanopb.framework */ = {isa = PBXFileReference; lastKnownFileType = wrapper.framework; path = nanopb.framework; sourceTree = "<group>"; };
		8CDBC62023A7F4EA00084B7F /* FIRAnalyticsConnector.framework */ = {isa = PBXFileReference; lastKnownFileType = wrapper.framework; path = FIRAnalyticsConnector.framework; sourceTree = "<group>"; };
		8CDBC62123A7F4EA00084B7F /* FirebaseInstanceID.framework */ = {isa = PBXFileReference; lastKnownFileType = wrapper.framework; path = FirebaseInstanceID.framework; sourceTree = "<group>"; };
		8CDBC62223A7F4EA00084B7F /* FirebaseCoreDiagnostics.framework */ = {isa = PBXFileReference; lastKnownFileType = wrapper.framework; path = FirebaseCoreDiagnostics.framework; sourceTree = "<group>"; };
		8CDBC62E23A7F82F00084B7F /* libz.tbd */ = {isa = PBXFileReference; lastKnownFileType = "sourcecode.text-based-dylib-definition"; name = libz.tbd; path = usr/lib/libz.tbd; sourceTree = SDKROOT; };
		8CDBC63023A7F84600084B7F /* libsqlite3.tbd */ = {isa = PBXFileReference; lastKnownFileType = "sourcecode.text-based-dylib-definition"; name = libsqlite3.tbd; path = usr/lib/libsqlite3.tbd; sourceTree = SDKROOT; };
		8CDBC63223A7F9A800084B7F /* AnalyticsParametersFactory.swift */ = {isa = PBXFileReference; lastKnownFileType = sourcecode.swift; path = AnalyticsParametersFactory.swift; sourceTree = "<group>"; };
		8CDFD4701F0786F9009F1E19 /* RxDataSources.framework */ = {isa = PBXFileReference; lastKnownFileType = wrapper.framework; name = RxDataSources.framework; path = Carthage/Build/iOS/RxDataSources.framework; sourceTree = "<group>"; };
		8CDFD47A1F084106009F1E19 /* BitBay-TickerUITests.xctest */ = {isa = PBXFileReference; explicitFileType = wrapper.cfbundle; includeInIndex = 0; path = "BitBay-TickerUITests.xctest"; sourceTree = BUILT_PRODUCTS_DIR; };
		8CDFD47C1F084106009F1E19 /* TickerDetailsViewControllerUITests.swift */ = {isa = PBXFileReference; lastKnownFileType = sourcecode.swift; path = TickerDetailsViewControllerUITests.swift; sourceTree = "<group>"; };
		8CDFD47E1F084106009F1E19 /* Info.plist */ = {isa = PBXFileReference; lastKnownFileType = text.plist.xml; path = Info.plist; sourceTree = "<group>"; };
		8CE06BD61F061D1400EBD7B9 /* BitBay-Ticker.entitlements */ = {isa = PBXFileReference; lastKnownFileType = text.plist.entitlements; path = "BitBay-Ticker.entitlements"; sourceTree = "<group>"; };
		8CEB402423A94D75000928CE /* ReviewPopUpController.swift */ = {isa = PBXFileReference; lastKnownFileType = sourcecode.swift; path = ReviewPopUpController.swift; sourceTree = "<group>"; };
		8CEB402623A95DC0000928CE /* UserDefaultsManager.swift */ = {isa = PBXFileReference; lastKnownFileType = sourcecode.swift; path = UserDefaultsManager.swift; sourceTree = "<group>"; };
		8CEB402823A962C5000928CE /* ErrorBanner.swift */ = {isa = PBXFileReference; lastKnownFileType = sourcecode.swift; path = ErrorBanner.swift; sourceTree = "<group>"; };
		8CED93082083C4EA00A068BD /* SnapshotHelper.swift */ = {isa = PBXFileReference; fileEncoding = 4; lastKnownFileType = sourcecode.swift; name = SnapshotHelper.swift; path = fastlane/SnapshotHelper.swift; sourceTree = SOURCE_ROOT; };
		8CEE9B5623A2DBB700D5B24B /* Ticker.swift */ = {isa = PBXFileReference; lastKnownFileType = sourcecode.swift; path = Ticker.swift; sourceTree = "<group>"; };
		8CFB35111F1808F900475DC1 /* NotificationCenter.framework */ = {isa = PBXFileReference; lastKnownFileType = wrapper.framework; name = NotificationCenter.framework; path = System/Library/Frameworks/NotificationCenter.framework; sourceTree = SDKROOT; };
		91937493DCBCD003EA208242 /* AVFoundation.framework */ = {isa = PBXFileReference; lastKnownFileType = wrapper.framework; name = AVFoundation.framework; path = System/Library/Frameworks/AVFoundation.framework; sourceTree = SDKROOT; };
		B087561A567A814D6F909055 /* CoreText.framework */ = {isa = PBXFileReference; lastKnownFileType = wrapper.framework; name = CoreText.framework; path = System/Library/Frameworks/CoreText.framework; sourceTree = SDKROOT; };
		BF13BF0B80336B95A6FA66B6 /* CoreTelephony.framework */ = {isa = PBXFileReference; lastKnownFileType = wrapper.framework; name = CoreTelephony.framework; path = System/Library/Frameworks/CoreTelephony.framework; sourceTree = SDKROOT; };
/* End PBXFileReference section */

/* Begin PBXFrameworksBuildPhase section */
		8CC184F51EFE4CAC0083DA30 /* Frameworks */ = {
			isa = PBXFrameworksBuildPhase;
			buildActionMask = 2147483647;
			files = (
				8CDBC62823A7F4EA00084B7F /* GoogleUtilities.framework in Frameworks */,
				8CDBC62623A7F4EA00084B7F /* FirebaseCore.framework in Frameworks */,
				8CDBC62423A7F4EA00084B7F /* GoogleDataTransportCCTSupport.framework in Frameworks */,
				8CDBC62923A7F4EA00084B7F /* nanopb.framework in Frameworks */,
				8CDBC62B23A7F4EA00084B7F /* FirebaseInstanceID.framework in Frameworks */,
				8CDBC63123A7F84B00084B7F /* libsqlite3.tbd in Frameworks */,
				8CDBC62323A7F4EA00084B7F /* GoogleDataTransport.framework in Frameworks */,
				8CDBC62523A7F4EA00084B7F /* GoogleAppMeasurement.framework in Frameworks */,
				8CDBC62C23A7F4EA00084B7F /* FirebaseCoreDiagnostics.framework in Frameworks */,
				8CDBC62723A7F4EA00084B7F /* FirebaseAnalytics.framework in Frameworks */,
				8CDBC62A23A7F4EA00084B7F /* FIRAnalyticsConnector.framework in Frameworks */,
			);
			runOnlyForDeploymentPostprocessing = 0;
		};
		8CC185091EFE4CAC0083DA30 /* Frameworks */ = {
			isa = PBXFrameworksBuildPhase;
			buildActionMask = 2147483647;
			files = (
			);
			runOnlyForDeploymentPostprocessing = 0;
		};
		8CDFD4771F084106009F1E19 /* Frameworks */ = {
			isa = PBXFrameworksBuildPhase;
			buildActionMask = 2147483647;
			files = (
			);
			runOnlyForDeploymentPostprocessing = 0;
		};
/* End PBXFrameworksBuildPhase section */

/* Begin PBXGroup section */
		8C0688AB23A4DE5E003C45A3 /* Services */ = {
			isa = PBXGroup;
			children = (
				8C1F1D6B23A65A2900D25D99 /* Analytics */,
				8C0688AE23A4F385003C45A3 /* TickerValuesFetcher.swift */,
				8C0688B023A53D31003C45A3 /* TickerValuesAPIResponse.swift */,
				8C0688AC23A4DE75003C45A3 /* AllAvailableTickerIdentifiersFetcher.swift */,
				8C0688B223A53D4F003C45A3 /* AvailableTickersAPIResponse.swift */,
				8C0688B823A549BC003C45A3 /* TickerStatisticsFetcher.swift */,
				8C0688B623A54930003C45A3 /* TickerStatisticsAPIResponse.swift */,
			);
			path = Services;
			sourceTree = "<group>";
		};
		8C0688BE23A58131003C45A3 /* Common Views */ = {
			isa = PBXGroup;
			children = (
				8C0688BF23A58146003C45A3 /* BasicRow.swift */,
				8CEB402823A962C5000928CE /* ErrorBanner.swift */,
			);
			path = "Common Views";
			sourceTree = "<group>";
		};
		8C1F1D6123A62F3F00D25D99 /* Common */ = {
			isa = PBXGroup;
			children = (
				8C1F1D6223A62F4A00D25D99 /* PrettyValueFormatterTests.swift */,
			);
			path = Common;
			sourceTree = "<group>";
		};
		8C1F1D6423A63A7F00D25D99 /* Common */ = {
			isa = PBXGroup;
			children = (
				8CEB402423A94D75000928CE /* ReviewPopUpController.swift */,
				8C1F1D5F23A62C5D00D25D99 /* PrettyValueFormatter.swift */,
			);
			path = Common;
			sourceTree = "<group>";
		};
		8C1F1D6B23A65A2900D25D99 /* Analytics */ = {
			isa = PBXGroup;
			children = (
				8C1F1D6C23A65A4000D25D99 /* AnalyticsService.swift */,
				8CDBC63223A7F9A800084B7F /* AnalyticsParametersFactory.swift */,
			);
			path = Analytics;
			sourceTree = "<group>";
		};
		8C6FB62D23A2CCBD00724C86 /* Main */ = {
			isa = PBXGroup;
			children = (
				267BBC6423D9CF66000EF9AB /* Main.swift */,
				267BBC6623D9D5EF000EF9AB /* MainContent.swift */,
				8C6FB62E23A2CCCA00724C86 /* TickerList.swift */,
				267BBC6223D9CC11000EF9AB /* TickerEmptyList.swift */,
				267BBC6A23D9D6B8000EF9AB /* AdderButtonView.swift */,
			);
			path = Main;
			sourceTree = "<group>";
		};
		8C6FB63223A2CE2200724C86 /* Translations */ = {
			isa = PBXGroup;
			children = (
				8CBD947C1F0D7D1400CA4250 /* Localizable.strings */,
			);
			path = Translations;
			sourceTree = "<group>";
		};
		8CC184EF1EFE4CAC0083DA30 = {
			isa = PBXGroup;
			children = (
				8CC184FA1EFE4CAC0083DA30 /* BitBay-Ticker */,
				8CC1850F1EFE4CAC0083DA30 /* BitBay-TickerTests */,
				8CDFD47B1F084106009F1E19 /* BitBay-TickerUITests */,
				8CC184F91EFE4CAC0083DA30 /* Products */,
				C24AC6780E9338DA000950BE /* Frameworks */,
			);
			sourceTree = "<group>";
		};
		8CC184F91EFE4CAC0083DA30 /* Products */ = {
			isa = PBXGroup;
			children = (
				8CC184F81EFE4CAC0083DA30 /* BitBay-Ticker.app */,
				8CC1850C1EFE4CAC0083DA30 /* BitBay-TickerTests.xctest */,
				8CDFD47A1F084106009F1E19 /* BitBay-TickerUITests.xctest */,
			);
			name = Products;
			sourceTree = "<group>";
		};
		8CC184FA1EFE4CAC0083DA30 /* BitBay-Ticker */ = {
			isa = PBXGroup;
			children = (
				8CEE9B5523A2DBAA00D5B24B /* Models */,
				8C0688AB23A4DE5E003C45A3 /* Services */,
				8C6FB62D23A2CCBD00724C86 /* Main */,
				8CCA6F2423A368FF0048B1B8 /* Detail */,
				8CCA6F2323A368F90048B1B8 /* Adder */,
				8C1F1D6423A63A7F00D25D99 /* Common */,
				8C0688BE23A58131003C45A3 /* Common Views */,
				8CD1D20E23A42D7D0045E60A /* Utilities */,
				8CC7DDA81EFFEDD500050A7F /* Supporting Files */,
				8C6FB63223A2CE2200724C86 /* Translations */,
				8CDBC61623A7F4D700084B7F /* Frameworks */,
				8CC185021EFE4CAC0083DA30 /* Assets.xcassets */,
			);
			path = "BitBay-Ticker";
			sourceTree = "<group>";
		};
		8CC1850F1EFE4CAC0083DA30 /* BitBay-TickerTests */ = {
			isa = PBXGroup;
			children = (
				8CCA6F3323A3A9920048B1B8 /* Models */,
				8C1F1D6123A62F3F00D25D99 /* Common */,
				8CC185121EFE4CAC0083DA30 /* Info.plist */,
			);
			path = "BitBay-TickerTests";
			sourceTree = "<group>";
		};
		8CC7DDA81EFFEDD500050A7F /* Supporting Files */ = {
			isa = PBXGroup;
			children = (
				8CC184FB1EFE4CAC0083DA30 /* AppDelegate.swift */,
				8C6FB63023A2CD3B00724C86 /* SceneDelegate.swift */,
				8CC185041EFE4CAC0083DA30 /* LaunchScreen.storyboard */,
				8C7F0D4D21CA242C002C6553 /* GoogleService-Info.plist */,
				8CE06BD61F061D1400EBD7B9 /* BitBay-Ticker.entitlements */,
			);
			path = "Supporting Files";
			sourceTree = "<group>";
		};
		8CCA6F2323A368F90048B1B8 /* Adder */ = {
			isa = PBXGroup;
			children = (
				8CCA6F2523A369220048B1B8 /* TickerAdder.swift */,
				8CCA6F2F23A3A4FF0048B1B8 /* AdderRow.swift */,
			);
			path = Adder;
			sourceTree = "<group>";
		};
		8CCA6F2423A368FF0048B1B8 /* Detail */ = {
			isa = PBXGroup;
			children = (
				8C0688BC23A57A78003C45A3 /* TickerDetailViewModel.swift */,
				8CCA6F2723A369340048B1B8 /* TickerDetail.swift */,
			);
			path = Detail;
			sourceTree = "<group>";
		};
		8CCA6F3323A3A9920048B1B8 /* Models */ = {
			isa = PBXGroup;
			children = (
				8CCA6F3423A3A9AC0048B1B8 /* TickerIdentifierTests.swift */,
				8CD1D20C23A3E8240045E60A /* TickerTests.swift */,
			);
			path = Models;
			sourceTree = "<group>";
		};
		8CD1D20E23A42D7D0045E60A /* Utilities */ = {
			isa = PBXGroup;
			children = (
				8C0688B423A53F60003C45A3 /* Storage.swift */,
				8C0688BA23A56994003C45A3 /* String+Extensions.swift */,
				8C1F1D6723A652FF00D25D99 /* Color+ApplicationColors.swift */,
				8C1F1D6923A658A100D25D99 /* AdaptsToSoftwareKeyboard.swift */,
				8C3EA62D23A6888000A501CD /* MimimumTouchTargetSize.swift */,
				8CEB402623A95DC0000928CE /* UserDefaultsManager.swift */,
			);
			path = Utilities;
			sourceTree = "<group>";
		};
		8CDBC61623A7F4D700084B7F /* Frameworks */ = {
			isa = PBXGroup;
			children = (
				8CDBC61723A7F4EA00084B7F /* Firebase */,
			);
			path = Frameworks;
			sourceTree = "<group>";
		};
		8CDBC61723A7F4EA00084B7F /* Firebase */ = {
			isa = PBXGroup;
			children = (
				8CDBC61823A7F4EA00084B7F /* Analytics */,
			);
			path = Firebase;
			sourceTree = "<group>";
		};
		8CDBC61823A7F4EA00084B7F /* Analytics */ = {
			isa = PBXGroup;
			children = (
				8CDBC61923A7F4EA00084B7F /* GoogleDataTransport.framework */,
				8CDBC61A23A7F4EA00084B7F /* GoogleDataTransportCCTSupport.framework */,
				8CDBC61B23A7F4EA00084B7F /* GoogleAppMeasurement.framework */,
				8CDBC61C23A7F4EA00084B7F /* FirebaseCore.framework */,
				8CDBC61D23A7F4EA00084B7F /* FirebaseAnalytics.framework */,
				8CDBC61E23A7F4EA00084B7F /* GoogleUtilities.framework */,
				8CDBC61F23A7F4EA00084B7F /* nanopb.framework */,
				8CDBC62023A7F4EA00084B7F /* FIRAnalyticsConnector.framework */,
				8CDBC62123A7F4EA00084B7F /* FirebaseInstanceID.framework */,
				8CDBC62223A7F4EA00084B7F /* FirebaseCoreDiagnostics.framework */,
			);
			path = Analytics;
			sourceTree = "<group>";
		};
		8CDFD47B1F084106009F1E19 /* BitBay-TickerUITests */ = {
			isa = PBXGroup;
			children = (
				8CED93082083C4EA00A068BD /* SnapshotHelper.swift */,
				8C9146CA1F0915D300221180 /* TickersViewControllerUITests.swift */,
				8CDFD47C1F084106009F1E19 /* TickerDetailsViewControllerUITests.swift */,
				8CDFD47E1F084106009F1E19 /* Info.plist */,
			);
			path = "BitBay-TickerUITests";
			sourceTree = "<group>";
		};
		8CEE9B5523A2DBAA00D5B24B /* Models */ = {
			isa = PBXGroup;
			children = (
				8CCA6F3123A3A8900048B1B8 /* TickerIdentifier.swift */,
				8CEE9B5623A2DBB700D5B24B /* Ticker.swift */,
				8CCA6F2D23A38EB60048B1B8 /* UserData.swift */,
			);
			path = Models;
			sourceTree = "<group>";
		};
		C24AC6780E9338DA000950BE /* Frameworks */ = {
			isa = PBXGroup;
			children = (
				8CDBC63023A7F84600084B7F /* libsqlite3.tbd */,
				8CDBC62E23A7F82F00084B7F /* libz.tbd */,
				8C6FB62923A2CBD400724C86 /* GoogleDataTransport.framework */,
				8C7F0D3821CA23EE002C6553 /* FIRAnalyticsConnector.framework */,
				8C7F0D3621CA23EE002C6553 /* Firebase.framework */,
				8C7F0D3921CA23EE002C6553 /* FirebaseAnalytics.framework */,
				8C7F0D3A21CA23EE002C6553 /* FirebaseCore.framework */,
				8C7F0D3721CA23EE002C6553 /* FirebaseCoreDiagnostics.framework */,
				8C7F0D3321CA23EE002C6553 /* FirebaseInstanceID.framework */,
				8C7F0D3221CA23EE002C6553 /* GoogleAppMeasurement.framework */,
				8C7F0D3421CA23EE002C6553 /* GoogleUtilities.framework */,
				8C7F0D3521CA23EE002C6553 /* nanopb.framework */,
				8CC508D51FD2D59000F14AB2 /* Differentiator.framework */,
				8C0B9BFA1F090843002F0B5D /* RxBlocking.framework */,
				8C0B9BF61F09066A002F0B5D /* RxTest.framework */,
				8CDFD4701F0786F9009F1E19 /* RxDataSources.framework */,
				8C1CF6EA1F04275E00E6F0D4 /* RxCocoa.framework */,
				8C2F173E1F02A56E006FD66F /* RxSwift.framework */,
				0B815FDCDD2549AC1B530F3B /* AssetsLibrary.framework */,
				B087561A567A814D6F909055 /* CoreText.framework */,
				BF13BF0B80336B95A6FA66B6 /* CoreTelephony.framework */,
				7E6DBCB5CEC98873275BFD9D /* SystemConfiguration.framework */,
				0C6FBCC098A756FF3056C13A /* QuartzCore.framework */,
				91937493DCBCD003EA208242 /* AVFoundation.framework */,
				33A699178FC3E6814FE15A91 /* CoreMedia.framework */,
				0BBC3E3BB96755C9DFA32131 /* CoreVideo.framework */,
				8CFB35111F1808F900475DC1 /* NotificationCenter.framework */,
			);
			name = Frameworks;
			sourceTree = "<group>";
		};
/* End PBXGroup section */

/* Begin PBXNativeTarget section */
		8CC184F71EFE4CAC0083DA30 /* BitBay-Ticker */ = {
			isa = PBXNativeTarget;
			buildConfigurationList = 8CC185151EFE4CAC0083DA30 /* Build configuration list for PBXNativeTarget "BitBay-Ticker" */;
			buildPhases = (
				8CC184F41EFE4CAC0083DA30 /* Sources */,
				8CC184F51EFE4CAC0083DA30 /* Frameworks */,
				8CC184F61EFE4CAC0083DA30 /* Resources */,
				8CFB35201F1808F900475DC1 /* Embed App Extensions */,
			);
			buildRules = (
			);
			dependencies = (
			);
			name = "BitBay-Ticker";
			productName = "BitBay-Ticker";
			productReference = 8CC184F81EFE4CAC0083DA30 /* BitBay-Ticker.app */;
			productType = "com.apple.product-type.application";
		};
		8CC1850B1EFE4CAC0083DA30 /* BitBay-TickerTests */ = {
			isa = PBXNativeTarget;
			buildConfigurationList = 8CC185181EFE4CAC0083DA30 /* Build configuration list for PBXNativeTarget "BitBay-TickerTests" */;
			buildPhases = (
				8CC185081EFE4CAC0083DA30 /* Sources */,
				8CC185091EFE4CAC0083DA30 /* Frameworks */,
				8CC1850A1EFE4CAC0083DA30 /* Resources */,
			);
			buildRules = (
			);
			dependencies = (
				8CC1850E1EFE4CAC0083DA30 /* PBXTargetDependency */,
			);
			name = "BitBay-TickerTests";
			productName = "BitBay-TickerTests";
			productReference = 8CC1850C1EFE4CAC0083DA30 /* BitBay-TickerTests.xctest */;
			productType = "com.apple.product-type.bundle.unit-test";
		};
		8CDFD4791F084106009F1E19 /* BitBay-TickerUITests */ = {
			isa = PBXNativeTarget;
			buildConfigurationList = 8CDFD4811F084106009F1E19 /* Build configuration list for PBXNativeTarget "BitBay-TickerUITests" */;
			buildPhases = (
				8CDFD4761F084106009F1E19 /* Sources */,
				8CDFD4771F084106009F1E19 /* Frameworks */,
				8CDFD4781F084106009F1E19 /* Resources */,
			);
			buildRules = (
			);
			dependencies = (
				8CDFD4801F084106009F1E19 /* PBXTargetDependency */,
			);
			name = "BitBay-TickerUITests";
			productName = "BitBay-TickerUITests";
			productReference = 8CDFD47A1F084106009F1E19 /* BitBay-TickerUITests.xctest */;
			productType = "com.apple.product-type.bundle.ui-testing";
		};
/* End PBXNativeTarget section */

/* Begin PBXProject section */
		8CC184F01EFE4CAC0083DA30 /* Project object */ = {
			isa = PBXProject;
			attributes = {
				LastSwiftUpdateCheck = 0830;
				LastUpgradeCheck = 0930;
				ORGANIZATIONNAME = "Albin Sadowski";
				TargetAttributes = {
					8CC184F71EFE4CAC0083DA30 = {
						CreatedOnToolsVersion = 8.3.3;
						DevelopmentTeam = AXTXBRU9S7;
						LastSwiftMigration = 1020;
						ProvisioningStyle = Automatic;
						SystemCapabilities = {
							com.apple.ApplicationGroups.iOS = {
								enabled = 1;
							};
							com.apple.Push = {
								enabled = 0;
							};
						};
					};
					8CC1850B1EFE4CAC0083DA30 = {
						CreatedOnToolsVersion = 8.3.3;
						DevelopmentTeam = AXTXBRU9S7;
						LastSwiftMigration = 1130;
						ProvisioningStyle = Automatic;
						TestTargetID = 8CC184F71EFE4CAC0083DA30;
					};
					8CDFD4791F084106009F1E19 = {
						CreatedOnToolsVersion = 8.3.3;
						DevelopmentTeam = AXTXBRU9S7;
						LastSwiftMigration = 0900;
						ProvisioningStyle = Automatic;
						TestTargetID = 8CC184F71EFE4CAC0083DA30;
					};
				};
			};
			buildConfigurationList = 8CC184F31EFE4CAC0083DA30 /* Build configuration list for PBXProject "BitBay-Ticker" */;
			compatibilityVersion = "Xcode 3.2";
			developmentRegion = en;
			hasScannedForEncodings = 0;
			knownRegions = (
				en,
				Base,
				pl,
				hi,
			);
			mainGroup = 8CC184EF1EFE4CAC0083DA30;
			productRefGroup = 8CC184F91EFE4CAC0083DA30 /* Products */;
			projectDirPath = "";
			projectRoot = "";
			targets = (
				8CC184F71EFE4CAC0083DA30 /* BitBay-Ticker */,
				8CC1850B1EFE4CAC0083DA30 /* BitBay-TickerTests */,
				8CDFD4791F084106009F1E19 /* BitBay-TickerUITests */,
			);
		};
/* End PBXProject section */

/* Begin PBXResourcesBuildPhase section */
		8CC184F61EFE4CAC0083DA30 /* Resources */ = {
			isa = PBXResourcesBuildPhase;
			buildActionMask = 2147483647;
			files = (
				8CC185061EFE4CAC0083DA30 /* LaunchScreen.storyboard in Resources */,
				8CBD947A1F0D7D1400CA4250 /* Localizable.strings in Resources */,
				8C7F0D4E21CA242C002C6553 /* GoogleService-Info.plist in Resources */,
				8CC185031EFE4CAC0083DA30 /* Assets.xcassets in Resources */,
			);
			runOnlyForDeploymentPostprocessing = 0;
		};
		8CC1850A1EFE4CAC0083DA30 /* Resources */ = {
			isa = PBXResourcesBuildPhase;
			buildActionMask = 2147483647;
			files = (
			);
			runOnlyForDeploymentPostprocessing = 0;
		};
		8CDFD4781F084106009F1E19 /* Resources */ = {
			isa = PBXResourcesBuildPhase;
			buildActionMask = 2147483647;
			files = (
			);
			runOnlyForDeploymentPostprocessing = 0;
		};
/* End PBXResourcesBuildPhase section */

/* Begin PBXSourcesBuildPhase section */
		8CC184F41EFE4CAC0083DA30 /* Sources */ = {
			isa = PBXSourcesBuildPhase;
			buildActionMask = 2147483647;
			files = (
				267BBC6523D9CF66000EF9AB /* Main.swift in Sources */,
				8C1F1D6D23A65A4000D25D99 /* AnalyticsService.swift in Sources */,
				8C0688BD23A57A78003C45A3 /* TickerDetailViewModel.swift in Sources */,
				8C0688BB23A56994003C45A3 /* String+Extensions.swift in Sources */,
				8C6FB62F23A2CCCA00724C86 /* TickerList.swift in Sources */,
				8C0688AF23A4F385003C45A3 /* TickerValuesFetcher.swift in Sources */,
				8C1F1D6823A652FF00D25D99 /* Color+ApplicationColors.swift in Sources */,
				8CCA6F2623A369220048B1B8 /* TickerAdder.swift in Sources */,
				267BBC6723D9D5EF000EF9AB /* MainContent.swift in Sources */,
				8C0688B123A53D31003C45A3 /* TickerValuesAPIResponse.swift in Sources */,
				8C0688B523A53F60003C45A3 /* Storage.swift in Sources */,
				8CCA6F2823A369340048B1B8 /* TickerDetail.swift in Sources */,
				8CCA6F3223A3A8900048B1B8 /* TickerIdentifier.swift in Sources */,
				8C0688B923A549BC003C45A3 /* TickerStatisticsFetcher.swift in Sources */,
				8CEE9B5723A2DBB700D5B24B /* Ticker.swift in Sources */,
				8CC184FC1EFE4CAC0083DA30 /* AppDelegate.swift in Sources */,
				8C0688AD23A4DE75003C45A3 /* AllAvailableTickerIdentifiersFetcher.swift in Sources */,
				8C0688C023A58146003C45A3 /* BasicRow.swift in Sources */,
				8CCA6F3023A3A4FF0048B1B8 /* AdderRow.swift in Sources */,
				267BBC6B23D9D6B8000EF9AB /* AdderButtonView.swift in Sources */,
				8CDBC63323A7F9A800084B7F /* AnalyticsParametersFactory.swift in Sources */,
				8C0688B723A54930003C45A3 /* TickerStatisticsAPIResponse.swift in Sources */,
				267BBC6323D9CC11000EF9AB /* TickerEmptyList.swift in Sources */,
				8C1F1D6A23A658A100D25D99 /* AdaptsToSoftwareKeyboard.swift in Sources */,
				8CCA6F2E23A38EB60048B1B8 /* UserData.swift in Sources */,
				8CEB402523A94D75000928CE /* ReviewPopUpController.swift in Sources */,
				8C1F1D6023A62C5D00D25D99 /* PrettyValueFormatter.swift in Sources */,
				8CEB402723A95DC0000928CE /* UserDefaultsManager.swift in Sources */,
				8C0688B323A53D4F003C45A3 /* AvailableTickersAPIResponse.swift in Sources */,
				8CEB402923A962C5000928CE /* ErrorBanner.swift in Sources */,
				8C6FB63123A2CD3B00724C86 /* SceneDelegate.swift in Sources */,
				8C3EA62E23A6888000A501CD /* MimimumTouchTargetSize.swift in Sources */,
			);
			runOnlyForDeploymentPostprocessing = 0;
		};
		8CC185081EFE4CAC0083DA30 /* Sources */ = {
			isa = PBXSourcesBuildPhase;
			buildActionMask = 2147483647;
			files = (
				8CCA6F3523A3A9AC0048B1B8 /* TickerIdentifierTests.swift in Sources */,
				8C1F1D6323A62F4A00D25D99 /* PrettyValueFormatterTests.swift in Sources */,
				8CD1D20D23A3E8240045E60A /* TickerTests.swift in Sources */,
			);
			runOnlyForDeploymentPostprocessing = 0;
		};
		8CDFD4761F084106009F1E19 /* Sources */ = {
			isa = PBXSourcesBuildPhase;
			buildActionMask = 2147483647;
			files = (
				8C9146CB1F0915D300221180 /* TickersViewControllerUITests.swift in Sources */,
				8CDFD47D1F084106009F1E19 /* TickerDetailsViewControllerUITests.swift in Sources */,
				8CED93092083C4EA00A068BD /* SnapshotHelper.swift in Sources */,
			);
			runOnlyForDeploymentPostprocessing = 0;
		};
/* End PBXSourcesBuildPhase section */

/* Begin PBXTargetDependency section */
		8CC1850E1EFE4CAC0083DA30 /* PBXTargetDependency */ = {
			isa = PBXTargetDependency;
			target = 8CC184F71EFE4CAC0083DA30 /* BitBay-Ticker */;
			targetProxy = 8CC1850D1EFE4CAC0083DA30 /* PBXContainerItemProxy */;
		};
		8CDFD4801F084106009F1E19 /* PBXTargetDependency */ = {
			isa = PBXTargetDependency;
			target = 8CC184F71EFE4CAC0083DA30 /* BitBay-Ticker */;
			targetProxy = 8CDFD47F1F084106009F1E19 /* PBXContainerItemProxy */;
		};
/* End PBXTargetDependency section */

/* Begin PBXVariantGroup section */
		8CBD947C1F0D7D1400CA4250 /* Localizable.strings */ = {
			isa = PBXVariantGroup;
			children = (
				8CBD947B1F0D7D1400CA4250 /* en */,
				8CBD947D1F0D7D2500CA4250 /* pl */,
				8CD60C561F5BD34200ABDB23 /* hi */,
			);
			name = Localizable.strings;
			sourceTree = "<group>";
		};
		8CC185041EFE4CAC0083DA30 /* LaunchScreen.storyboard */ = {
			isa = PBXVariantGroup;
			children = (
				8CC185051EFE4CAC0083DA30 /* Base */,
			);
			name = LaunchScreen.storyboard;
			sourceTree = "<group>";
		};
/* End PBXVariantGroup section */

/* Begin XCBuildConfiguration section */
		8CC185131EFE4CAC0083DA30 /* Debug */ = {
			isa = XCBuildConfiguration;
			buildSettings = {
				ALWAYS_SEARCH_USER_PATHS = NO;
				CLANG_ANALYZER_LOCALIZABILITY_NONLOCALIZED = YES;
				CLANG_ANALYZER_NONNULL = YES;
				CLANG_ANALYZER_NUMBER_OBJECT_CONVERSION = YES_AGGRESSIVE;
				CLANG_CXX_LANGUAGE_STANDARD = "gnu++0x";
				CLANG_CXX_LIBRARY = "libc++";
				CLANG_ENABLE_MODULES = YES;
				CLANG_ENABLE_OBJC_ARC = YES;
				CLANG_WARN_BLOCK_CAPTURE_AUTORELEASING = YES;
				CLANG_WARN_BOOL_CONVERSION = YES;
				CLANG_WARN_COMMA = YES;
				CLANG_WARN_CONSTANT_CONVERSION = YES;
				CLANG_WARN_DEPRECATED_OBJC_IMPLEMENTATIONS = YES;
				CLANG_WARN_DIRECT_OBJC_ISA_USAGE = YES_ERROR;
				CLANG_WARN_DOCUMENTATION_COMMENTS = YES;
				CLANG_WARN_EMPTY_BODY = YES;
				CLANG_WARN_ENUM_CONVERSION = YES;
				CLANG_WARN_INFINITE_RECURSION = YES;
				CLANG_WARN_INT_CONVERSION = YES;
				CLANG_WARN_NON_LITERAL_NULL_CONVERSION = YES;
				CLANG_WARN_OBJC_IMPLICIT_RETAIN_SELF = YES;
				CLANG_WARN_OBJC_LITERAL_CONVERSION = YES;
				CLANG_WARN_OBJC_ROOT_CLASS = YES_ERROR;
				CLANG_WARN_RANGE_LOOP_ANALYSIS = YES;
				CLANG_WARN_STRICT_PROTOTYPES = YES;
				CLANG_WARN_SUSPICIOUS_MOVE = YES;
				CLANG_WARN_UNREACHABLE_CODE = YES;
				CLANG_WARN__DUPLICATE_METHOD_MATCH = YES;
				"CODE_SIGN_IDENTITY[sdk=iphoneos*]" = "iPhone Developer";
				COPY_PHASE_STRIP = NO;
				DEBUG_INFORMATION_FORMAT = dwarf;
				ENABLE_STRICT_OBJC_MSGSEND = YES;
				ENABLE_TESTABILITY = YES;
				GCC_C_LANGUAGE_STANDARD = gnu99;
				GCC_DYNAMIC_NO_PIC = NO;
				GCC_NO_COMMON_BLOCKS = YES;
				GCC_OPTIMIZATION_LEVEL = 0;
				GCC_PREPROCESSOR_DEFINITIONS = (
					"DEBUG=1",
					"$(inherited)",
				);
				GCC_WARN_64_TO_32_BIT_CONVERSION = YES;
				GCC_WARN_ABOUT_RETURN_TYPE = YES_ERROR;
				GCC_WARN_UNDECLARED_SELECTOR = YES;
				GCC_WARN_UNINITIALIZED_AUTOS = YES_AGGRESSIVE;
				GCC_WARN_UNUSED_FUNCTION = YES;
				GCC_WARN_UNUSED_VARIABLE = YES;
				IPHONEOS_DEPLOYMENT_TARGET = 13.0;
				MTL_ENABLE_DEBUG_INFO = YES;
				ONLY_ACTIVE_ARCH = YES;
				SDKROOT = iphoneos;
				SWIFT_ACTIVE_COMPILATION_CONDITIONS = DEBUG;
				SWIFT_OPTIMIZATION_LEVEL = "-Onone";
				TARGETED_DEVICE_FAMILY = "1,2";
			};
			name = Debug;
		};
		8CC185141EFE4CAC0083DA30 /* Release */ = {
			isa = XCBuildConfiguration;
			buildSettings = {
				ALWAYS_SEARCH_USER_PATHS = NO;
				CLANG_ANALYZER_LOCALIZABILITY_NONLOCALIZED = YES;
				CLANG_ANALYZER_NONNULL = YES;
				CLANG_ANALYZER_NUMBER_OBJECT_CONVERSION = YES_AGGRESSIVE;
				CLANG_CXX_LANGUAGE_STANDARD = "gnu++0x";
				CLANG_CXX_LIBRARY = "libc++";
				CLANG_ENABLE_MODULES = YES;
				CLANG_ENABLE_OBJC_ARC = YES;
				CLANG_WARN_BLOCK_CAPTURE_AUTORELEASING = YES;
				CLANG_WARN_BOOL_CONVERSION = YES;
				CLANG_WARN_COMMA = YES;
				CLANG_WARN_CONSTANT_CONVERSION = YES;
				CLANG_WARN_DEPRECATED_OBJC_IMPLEMENTATIONS = YES;
				CLANG_WARN_DIRECT_OBJC_ISA_USAGE = YES_ERROR;
				CLANG_WARN_DOCUMENTATION_COMMENTS = YES;
				CLANG_WARN_EMPTY_BODY = YES;
				CLANG_WARN_ENUM_CONVERSION = YES;
				CLANG_WARN_INFINITE_RECURSION = YES;
				CLANG_WARN_INT_CONVERSION = YES;
				CLANG_WARN_NON_LITERAL_NULL_CONVERSION = YES;
				CLANG_WARN_OBJC_IMPLICIT_RETAIN_SELF = YES;
				CLANG_WARN_OBJC_LITERAL_CONVERSION = YES;
				CLANG_WARN_OBJC_ROOT_CLASS = YES_ERROR;
				CLANG_WARN_RANGE_LOOP_ANALYSIS = YES;
				CLANG_WARN_STRICT_PROTOTYPES = YES;
				CLANG_WARN_SUSPICIOUS_MOVE = YES;
				CLANG_WARN_UNREACHABLE_CODE = YES;
				CLANG_WARN__DUPLICATE_METHOD_MATCH = YES;
				"CODE_SIGN_IDENTITY[sdk=iphoneos*]" = "iPhone Developer";
				COPY_PHASE_STRIP = NO;
				DEBUG_INFORMATION_FORMAT = "dwarf-with-dsym";
				ENABLE_NS_ASSERTIONS = NO;
				ENABLE_STRICT_OBJC_MSGSEND = YES;
				GCC_C_LANGUAGE_STANDARD = gnu99;
				GCC_NO_COMMON_BLOCKS = YES;
				GCC_WARN_64_TO_32_BIT_CONVERSION = YES;
				GCC_WARN_ABOUT_RETURN_TYPE = YES_ERROR;
				GCC_WARN_UNDECLARED_SELECTOR = YES;
				GCC_WARN_UNINITIALIZED_AUTOS = YES_AGGRESSIVE;
				GCC_WARN_UNUSED_FUNCTION = YES;
				GCC_WARN_UNUSED_VARIABLE = YES;
				IPHONEOS_DEPLOYMENT_TARGET = 13.0;
				MTL_ENABLE_DEBUG_INFO = NO;
				SDKROOT = iphoneos;
				SWIFT_OPTIMIZATION_LEVEL = "-Owholemodule";
				TARGETED_DEVICE_FAMILY = "1,2";
				VALIDATE_PRODUCT = YES;
			};
			name = Release;
		};
		8CC185161EFE4CAC0083DA30 /* Debug */ = {
			isa = XCBuildConfiguration;
			buildSettings = {
				ASSETCATALOG_COMPILER_APPICON_NAME = AppIcon;
				CODE_SIGN_ENTITLEMENTS = "BitBay-Ticker/Supporting Files/BitBay-Ticker.entitlements";
				"CODE_SIGN_IDENTITY[sdk=iphoneos*]" = "iPhone Developer";
				CURRENT_PROJECT_VERSION = 32;
				DEBUG_INFORMATION_FORMAT = "dwarf-with-dsym";
				DEVELOPMENT_TEAM = AXTXBRU9S7;
				FRAMEWORK_SEARCH_PATHS = (
					"$(inherited)",
					"$(PROJECT_DIR)",
					"$(PROJECT_DIR)/Carthage/Build/iOS",
					"$(PROJECT_DIR)/BitBay-Ticker/Frameworks/Firebase/Analytics",
				);
				INFOPLIST_FILE = "BitBay-Ticker/Info.plist";
				IPHONEOS_DEPLOYMENT_TARGET = 13.0;
				LD_RUNPATH_SEARCH_PATHS = "$(inherited) @executable_path/Frameworks";
				MARKETING_VERSION = 1.13;
				OTHER_LDFLAGS = (
					"$(OTHER_LDFLAGS)",
					"-ObjC",
				);
				PRODUCT_BUNDLE_IDENTIFIER = "com.albinek.ios.BitBay-Ticker";
				PRODUCT_NAME = "$(TARGET_NAME)";
				PROVISIONING_PROFILE_SPECIFIER = "";
				SWIFT_VERSION = 5.0;
			};
			name = Debug;
		};
		8CC185171EFE4CAC0083DA30 /* Release */ = {
			isa = XCBuildConfiguration;
			buildSettings = {
				ASSETCATALOG_COMPILER_APPICON_NAME = AppIcon;
				CODE_SIGN_ENTITLEMENTS = "BitBay-Ticker/Supporting Files/BitBay-Ticker.entitlements";
				"CODE_SIGN_IDENTITY[sdk=iphoneos*]" = "iPhone Developer";
				CURRENT_PROJECT_VERSION = 32;
				DEBUG_INFORMATION_FORMAT = "dwarf-with-dsym";
				DEVELOPMENT_TEAM = AXTXBRU9S7;
				FRAMEWORK_SEARCH_PATHS = (
					"$(inherited)",
					"$(PROJECT_DIR)",
					"$(PROJECT_DIR)/Carthage/Build/iOS",
					"$(PROJECT_DIR)/BitBay-Ticker/Frameworks/Firebase/Analytics",
				);
				INFOPLIST_FILE = "BitBay-Ticker/Info.plist";
				IPHONEOS_DEPLOYMENT_TARGET = 13.0;
				LD_RUNPATH_SEARCH_PATHS = "$(inherited) @executable_path/Frameworks";
				MARKETING_VERSION = 1.13;
				OTHER_LDFLAGS = (
					"$(OTHER_LDFLAGS)",
					"-ObjC",
				);
				PRODUCT_BUNDLE_IDENTIFIER = "com.albinek.ios.BitBay-Ticker";
				PRODUCT_NAME = "$(TARGET_NAME)";
				PROVISIONING_PROFILE_SPECIFIER = "";
				SWIFT_VERSION = 5.0;
			};
			name = Release;
		};
		8CC185191EFE4CAC0083DA30 /* Debug */ = {
			isa = XCBuildConfiguration;
			buildSettings = {
				ALWAYS_EMBED_SWIFT_STANDARD_LIBRARIES = YES;
				BUNDLE_LOADER = "$(TEST_HOST)";
				CLANG_ENABLE_MODULES = YES;
				"CODE_SIGN_IDENTITY[sdk=macosx*]" = "Apple Development";
				DEVELOPMENT_TEAM = AXTXBRU9S7;
				INFOPLIST_FILE = "BitBay-TickerTests/Info.plist";
				LD_RUNPATH_SEARCH_PATHS = "$(inherited) @executable_path/Frameworks @loader_path/Frameworks";
				PRODUCT_BUNDLE_IDENTIFIER = "com.albinek.ios.BitBay-TickerTests";
				PRODUCT_NAME = "$(TARGET_NAME)";
				SWIFT_OPTIMIZATION_LEVEL = "-Onone";
				SWIFT_VERSION = 5.0;
				TEST_HOST = "$(BUILT_PRODUCTS_DIR)/BitBay-Ticker.app/BitBay-Ticker";
			};
			name = Debug;
		};
		8CC1851A1EFE4CAC0083DA30 /* Release */ = {
			isa = XCBuildConfiguration;
			buildSettings = {
				ALWAYS_EMBED_SWIFT_STANDARD_LIBRARIES = YES;
				BUNDLE_LOADER = "$(TEST_HOST)";
				CLANG_ENABLE_MODULES = YES;
				"CODE_SIGN_IDENTITY[sdk=macosx*]" = "Apple Development";
				DEVELOPMENT_TEAM = AXTXBRU9S7;
				INFOPLIST_FILE = "BitBay-TickerTests/Info.plist";
				LD_RUNPATH_SEARCH_PATHS = "$(inherited) @executable_path/Frameworks @loader_path/Frameworks";
				PRODUCT_BUNDLE_IDENTIFIER = "com.albinek.ios.BitBay-TickerTests";
				PRODUCT_NAME = "$(TARGET_NAME)";
				SWIFT_VERSION = 5.0;
				TEST_HOST = "$(BUILT_PRODUCTS_DIR)/BitBay-Ticker.app/BitBay-Ticker";
			};
			name = Release;
		};
		8CDFD4821F084106009F1E19 /* Debug */ = {
			isa = XCBuildConfiguration;
			buildSettings = {
				DEVELOPMENT_TEAM = AXTXBRU9S7;
				INFOPLIST_FILE = "BitBay-TickerUITests/Info.plist";
				LD_RUNPATH_SEARCH_PATHS = "$(inherited) @executable_path/Frameworks @loader_path/Frameworks";
				PRODUCT_BUNDLE_IDENTIFIER = "com.albinek.ios.BitBay-TickerUITests";
				PRODUCT_NAME = "$(TARGET_NAME)";
				SWIFT_SWIFT3_OBJC_INFERENCE = Default;
				SWIFT_VERSION = 4.0;
				TEST_TARGET_NAME = "BitBay-Ticker";
			};
			name = Debug;
		};
		8CDFD4831F084106009F1E19 /* Release */ = {
			isa = XCBuildConfiguration;
			buildSettings = {
				DEVELOPMENT_TEAM = AXTXBRU9S7;
				INFOPLIST_FILE = "BitBay-TickerUITests/Info.plist";
				LD_RUNPATH_SEARCH_PATHS = "$(inherited) @executable_path/Frameworks @loader_path/Frameworks";
				PRODUCT_BUNDLE_IDENTIFIER = "com.albinek.ios.BitBay-TickerUITests";
				PRODUCT_NAME = "$(TARGET_NAME)";
				SWIFT_SWIFT3_OBJC_INFERENCE = Default;
				SWIFT_VERSION = 4.0;
				TEST_TARGET_NAME = "BitBay-Ticker";
			};
			name = Release;
		};
/* End XCBuildConfiguration section */

/* Begin XCConfigurationList section */
		8CC184F31EFE4CAC0083DA30 /* Build configuration list for PBXProject "BitBay-Ticker" */ = {
			isa = XCConfigurationList;
			buildConfigurations = (
				8CC185131EFE4CAC0083DA30 /* Debug */,
				8CC185141EFE4CAC0083DA30 /* Release */,
			);
			defaultConfigurationIsVisible = 0;
			defaultConfigurationName = Release;
		};
		8CC185151EFE4CAC0083DA30 /* Build configuration list for PBXNativeTarget "BitBay-Ticker" */ = {
			isa = XCConfigurationList;
			buildConfigurations = (
				8CC185161EFE4CAC0083DA30 /* Debug */,
				8CC185171EFE4CAC0083DA30 /* Release */,
			);
			defaultConfigurationIsVisible = 0;
			defaultConfigurationName = Release;
		};
		8CC185181EFE4CAC0083DA30 /* Build configuration list for PBXNativeTarget "BitBay-TickerTests" */ = {
			isa = XCConfigurationList;
			buildConfigurations = (
				8CC185191EFE4CAC0083DA30 /* Debug */,
				8CC1851A1EFE4CAC0083DA30 /* Release */,
			);
			defaultConfigurationIsVisible = 0;
			defaultConfigurationName = Release;
		};
		8CDFD4811F084106009F1E19 /* Build configuration list for PBXNativeTarget "BitBay-TickerUITests" */ = {
			isa = XCConfigurationList;
			buildConfigurations = (
				8CDFD4821F084106009F1E19 /* Debug */,
				8CDFD4831F084106009F1E19 /* Release */,
			);
			defaultConfigurationIsVisible = 0;
			defaultConfigurationName = Release;
		};
/* End XCConfigurationList section */
	};
	rootObject = 8CC184F01EFE4CAC0083DA30 /* Project object */;
}
